
Microsoft Visual Studio Solution File, Format Version 12.00
# Visual Studio Version 17
VisualStudioVersion = 17.13.35931.197 d17.13
MinimumVisualStudioVersion = 10.0.40219.1
Project("{FAE04EC0-301F-11D3-BF4B-00C04F79EFBC}") = "LoanAmortization", "LoanAmortization\LoanAmortization.csproj", "{BA084557-C7FF-47CC-ADFC-2D474C01E691}"
EndProject
Global
	GlobalSection(SolutionConfigurationPlatforms) = preSolution
		Debug|Any CPU = Debug|Any CPU
		Release|Any CPU = Release|Any CPU
	EndGlobalSection
	GlobalSection(ProjectConfigurationPlatforms) = postSolution
		{BA084557-C7FF-47CC-ADFC-2D474C01E691}.Debug|Any CPU.ActiveCfg = Debug|Any CPU
		{BA084557-C7FF-47CC-ADFC-2D474C01E691}.Debug|Any CPU.Build.0 = Debug|Any CPU
		{BA084557-C7FF-47CC-ADFC-2D474C01E691}.Release|Any CPU.ActiveCfg = Release|Any CPU
		{BA084557-C7FF-47CC-ADFC-2D474C01E691}.Release|Any CPU.Build.0 = Release|Any CPU
	EndGlobalSection
	GlobalSection(SolutionProperties) = preSolution
		HideSolutionNode = FALSE
	EndGlobalSection
	GlobalSection(ExtensibilityGlobals) = postSolution
		SolutionGuid = {8CD8B580-CC84-42AB-9B7F-C640549E0C46}
	EndGlobalSection
EndGlobal
