
Microsoft Visual Studio Solution File, Format Version 12.00
# Visual Studio Version 17
VisualStudioVersion = 17.13.35931.197 d17.13
MinimumVisualStudioVersion = 10.0.40219.1
Project("{FAE04EC0-301F-11D3-BF4B-00C04F79EFBC}") = "Paint", "Paint\Paint.csproj", "{A16368E3-A959-496E-A2BD-7CF42C0C6A48}"
EndProject
Global
	GlobalSection(SolutionConfigurationPlatforms) = preSolution
		Debug|Any CPU = Debug|Any CPU
		Release|Any CPU = Release|Any CPU
	EndGlobalSection
	GlobalSection(ProjectConfigurationPlatforms) = postSolution
		{A16368E3-A959-496E-A2BD-7CF42C0C6A48}.Debug|Any CPU.ActiveCfg = Debug|Any CPU
		{A16368E3-A959-496E-A2BD-7CF42C0C6A48}.Debug|Any CPU.Build.0 = Debug|Any CPU
		{A16368E3-A959-496E-A2BD-7CF42C0C6A48}.Release|Any CPU.ActiveCfg = Release|Any CPU
		{A16368E3-A959-496E-A2BD-7CF42C0C6A48}.Release|Any CPU.Build.0 = Release|Any CPU
	EndGlobalSection
	GlobalSection(SolutionProperties) = preSolution
		HideSolutionNode = FALSE
	EndGlobalSection
	GlobalSection(ExtensibilityGlobals) = postSolution
		SolutionGuid = {E01E2D80-5341-49AC-BE4F-DF78DF062416}
	EndGlobalSection
EndGlobal
